
Microsoft Visual Studio Solution File, Format Version 12.00
# Visual Studio Version 17
VisualStudioVersion = 17.8.34525.116
MinimumVisualStudioVersion = 10.0.40219.1
Project("{FAE04EC0-301F-11D3-BF4B-00C04F79EFBC}") = "Menu", "Menu\Menu.csproj", "{784FB752-FE5E-4691-B9A0-CE78B50741EA}"
EndProject
Global
	GlobalSection(SolutionConfigurationPlatforms) = preSolution
		Debug|Any CPU = Debug|Any CPU
		Release|Any CPU = Release|Any CPU
	EndGlobalSection
	GlobalSection(ProjectConfigurationPlatforms) = postSolution
		{784FB752-FE5E-4691-B9A0-CE78B50741EA}.Debug|Any CPU.ActiveCfg = Debug|Any CPU
		{784FB752-FE5E-4691-B9A0-CE78B50741EA}.Debug|Any CPU.Build.0 = Debug|Any CPU
		{784FB752-FE5E-4691-B9A0-CE78B50741EA}.Release|Any CPU.ActiveCfg = Release|Any CPU
		{784FB752-FE5E-4691-B9A0-CE78B50741EA}.Release|Any CPU.Build.0 = Release|Any CPU
	EndGlobalSection
	GlobalSection(SolutionProperties) = preSolution
		HideSolutionNode = FALSE
	EndGlobalSection
	GlobalSection(ExtensibilityGlobals) = postSolution
		SolutionGuid = {802CDEFB-56CF-4274-BB0F-5F313ABC3F0A}
	EndGlobalSection
EndGlobal
